{
  "sources": {
    "omnibus": {
      "locked_version": "2.0.2"
    },
    "7-zip": {
      "locked_version": "1.0.2"
    },
    "windows": {
      "locked_version": "1.30.2"
    },
    "chef_handler": {
      "locked_version": "1.1.6"
    },
    "build-essential": {
      "locked_version": "2.0.0"
    },
    "chef-sugar": {
      "locked_version": "1.2.8"
    },
    "homebrew": {
      "locked_version": "1.6.0"
    },
    "wix": {
      "locked_version": "1.1.0"
    }
  }
}
